en:
  errors:
    message: "Message is too long (maximum 200 characters)"
    latitude: "Please enter a valid latitude (-90 to 90 degrees)"
    longitude: "Please enter a valid longitude (-180 to 180 degrees)"
    coordinates_required: "Both latitude and longitude must be provided together"
    location_invalid: "Please provide valid coordinates"
    estimated_time: "Estimated time must be a positive number (in seconds)"
    estimated_time_negative: "Estimated time cannot be negative"
    update_required: "At least one field must be updated"
    no_changes: "No changes detected"
